
Microsoft Visual Studio Solution File, Format Version 12.00
# Visual Studio Version 16
VisualStudioVersion = 16.0.29102.190
MinimumVisualStudioVersion = 10.0.40219.1
Project("{FAE04EC0-301F-11D3-BF4B-00C04F79EFBC}") = "Clicar.Android", "Clicar\Clicar.Android\Clicar.Android.csproj", "{C40A4413-F042-46B6-B097-8AE67912B2E6}"
EndProject
Project("{FAE04EC0-301F-11D3-BF4B-00C04F79EFBC}") = "Clicar.iOS", "Clicar\Clicar.iOS\Clicar.iOS.csproj", "{9B00A451-5502-4AE0-972C-3660B5597A0B}"
EndProject
Project("{FAE04EC0-301F-11D3-BF4B-00C04F79EFBC}") = "Clicar", "Clicar\Clicar\Clicar.csproj", "{2FEB5FFA-DCA2-4893-A316-439463175A20}"
EndProject
Global
	GlobalSection(SolutionConfigurationPlatforms) = preSolution
		Debug|Any CPU = Debug|Any CPU
		Debug|iPhone = Debug|iPhone
		Debug|iPhoneSimulator = Debug|iPhoneSimulator
		Release|Any CPU = Release|Any CPU
		Release|iPhone = Release|iPhone
		Release|iPhoneSimulator = Release|iPhoneSimulator
	EndGlobalSection
	GlobalSection(ProjectConfigurationPlatforms) = postSolution
		{C40A4413-F042-46B6-B097-8AE67912B2E6}.Debug|Any CPU.ActiveCfg = Debug|Any CPU
		{C40A4413-F042-46B6-B097-8AE67912B2E6}.Debug|Any CPU.Build.0 = Debug|Any CPU
		{C40A4413-F042-46B6-B097-8AE67912B2E6}.Debug|Any CPU.Deploy.0 = Debug|Any CPU
		{C40A4413-F042-46B6-B097-8AE67912B2E6}.Debug|iPhone.ActiveCfg = Debug|Any CPU
		{C40A4413-F042-46B6-B097-8AE67912B2E6}.Debug|iPhone.Build.0 = Debug|Any CPU
		{C40A4413-F042-46B6-B097-8AE67912B2E6}.Debug|iPhone.Deploy.0 = Debug|Any CPU
		{C40A4413-F042-46B6-B097-8AE67912B2E6}.Debug|iPhoneSimulator.ActiveCfg = Debug|Any CPU
		{C40A4413-F042-46B6-B097-8AE67912B2E6}.Debug|iPhoneSimulator.Build.0 = Debug|Any CPU
		{C40A4413-F042-46B6-B097-8AE67912B2E6}.Debug|iPhoneSimulator.Deploy.0 = Debug|Any CPU
		{C40A4413-F042-46B6-B097-8AE67912B2E6}.Release|Any CPU.ActiveCfg = Release|Any CPU
		{C40A4413-F042-46B6-B097-8AE67912B2E6}.Release|Any CPU.Build.0 = Release|Any CPU
		{C40A4413-F042-46B6-B097-8AE67912B2E6}.Release|Any CPU.Deploy.0 = Release|Any CPU
		{C40A4413-F042-46B6-B097-8AE67912B2E6}.Release|iPhone.ActiveCfg = Release|Any CPU
		{C40A4413-F042-46B6-B097-8AE67912B2E6}.Release|iPhone.Build.0 = Release|Any CPU
		{C40A4413-F042-46B6-B097-8AE67912B2E6}.Release|iPhone.Deploy.0 = Release|Any CPU
		{C40A4413-F042-46B6-B097-8AE67912B2E6}.Release|iPhoneSimulator.ActiveCfg = Release|Any CPU
		{C40A4413-F042-46B6-B097-8AE67912B2E6}.Release|iPhoneSimulator.Build.0 = Release|Any CPU
		{C40A4413-F042-46B6-B097-8AE67912B2E6}.Release|iPhoneSimulator.Deploy.0 = Release|Any CPU
		{9B00A451-5502-4AE0-972C-3660B5597A0B}.Debug|Any CPU.ActiveCfg = Debug|iPhoneSimulator
		{9B00A451-5502-4AE0-972C-3660B5597A0B}.Debug|Any CPU.Build.0 = Debug|iPhoneSimulator
		{9B00A451-5502-4AE0-972C-3660B5597A0B}.Debug|Any CPU.Deploy.0 = Debug|iPhoneSimulator
		{9B00A451-5502-4AE0-972C-3660B5597A0B}.Debug|iPhone.ActiveCfg = Debug|iPhone
		{9B00A451-5502-4AE0-972C-3660B5597A0B}.Debug|iPhone.Build.0 = Debug|iPhone
		{9B00A451-5502-4AE0-972C-3660B5597A0B}.Debug|iPhone.Deploy.0 = Debug|iPhone
		{9B00A451-5502-4AE0-972C-3660B5597A0B}.Debug|iPhoneSimulator.ActiveCfg = Debug|iPhoneSimulator
		{9B00A451-5502-4AE0-972C-3660B5597A0B}.Debug|iPhoneSimulator.Build.0 = Debug|iPhoneSimulator
		{9B00A451-5502-4AE0-972C-3660B5597A0B}.Debug|iPhoneSimulator.Deploy.0 = Debug|iPhoneSimulator
		{9B00A451-5502-4AE0-972C-3660B5597A0B}.Release|Any CPU.ActiveCfg = Release|iPhone
		{9B00A451-5502-4AE0-972C-3660B5597A0B}.Release|Any CPU.Build.0 = Release|iPhone
		{9B00A451-5502-4AE0-972C-3660B5597A0B}.Release|Any CPU.Deploy.0 = Release|iPhone
		{9B00A451-5502-4AE0-972C-3660B5597A0B}.Release|iPhone.ActiveCfg = Release|iPhone
		{9B00A451-5502-4AE0-972C-3660B5597A0B}.Release|iPhone.Build.0 = Release|iPhone
		{9B00A451-5502-4AE0-972C-3660B5597A0B}.Release|iPhone.Deploy.0 = Release|iPhone
		{9B00A451-5502-4AE0-972C-3660B5597A0B}.Release|iPhoneSimulator.ActiveCfg = Release|iPhoneSimulator
		{9B00A451-5502-4AE0-972C-3660B5597A0B}.Release|iPhoneSimulator.Build.0 = Release|iPhoneSimulator
		{9B00A451-5502-4AE0-972C-3660B5597A0B}.Release|iPhoneSimulator.Deploy.0 = Release|iPhoneSimulator
		{2FEB5FFA-DCA2-4893-A316-439463175A20}.Debug|Any CPU.ActiveCfg = Debug|Any CPU
		{2FEB5FFA-DCA2-4893-A316-439463175A20}.Debug|Any CPU.Build.0 = Debug|Any CPU
		{2FEB5FFA-DCA2-4893-A316-439463175A20}.Debug|Any CPU.Deploy.0 = Debug|Any CPU
		{2FEB5FFA-DCA2-4893-A316-439463175A20}.Debug|iPhone.ActiveCfg = Debug|Any CPU
		{2FEB5FFA-DCA2-4893-A316-439463175A20}.Debug|iPhone.Build.0 = Debug|Any CPU
		{2FEB5FFA-DCA2-4893-A316-439463175A20}.Debug|iPhone.Deploy.0 = Debug|Any CPU
		{2FEB5FFA-DCA2-4893-A316-439463175A20}.Debug|iPhoneSimulator.ActiveCfg = Debug|Any CPU
		{2FEB5FFA-DCA2-4893-A316-439463175A20}.Debug|iPhoneSimulator.Build.0 = Debug|Any CPU
		{2FEB5FFA-DCA2-4893-A316-439463175A20}.Debug|iPhoneSimulator.Deploy.0 = Debug|Any CPU
		{2FEB5FFA-DCA2-4893-A316-439463175A20}.Release|Any CPU.ActiveCfg = Release|Any CPU
		{2FEB5FFA-DCA2-4893-A316-439463175A20}.Release|Any CPU.Build.0 = Release|Any CPU
		{2FEB5FFA-DCA2-4893-A316-439463175A20}.Release|Any CPU.Deploy.0 = Release|Any CPU
		{2FEB5FFA-DCA2-4893-A316-439463175A20}.Release|iPhone.ActiveCfg = Release|Any CPU
		{2FEB5FFA-DCA2-4893-A316-439463175A20}.Release|iPhone.Build.0 = Release|Any CPU
		{2FEB5FFA-DCA2-4893-A316-439463175A20}.Release|iPhone.Deploy.0 = Release|Any CPU
		{2FEB5FFA-DCA2-4893-A316-439463175A20}.Release|iPhoneSimulator.ActiveCfg = Release|Any CPU
		{2FEB5FFA-DCA2-4893-A316-439463175A20}.Release|iPhoneSimulator.Build.0 = Release|Any CPU
		{2FEB5FFA-DCA2-4893-A316-439463175A20}.Release|iPhoneSimulator.Deploy.0 = Release|Any CPU
	EndGlobalSection
	GlobalSection(SolutionProperties) = preSolution
		HideSolutionNode = FALSE
	EndGlobalSection
	GlobalSection(ExtensibilityGlobals) = postSolution
		SolutionGuid = {C7CF33C5-1821-4829-B606-AFA1B5CB29E0}
	EndGlobalSection
EndGlobal
